{
  "originHash" : "990e7f438c069006afcffbbe7aa4c5aa2319bb061112bc98cb1757f38100091c",
  "pins" : [
    {
      "identity" : "swiftaa",
      "kind" : "remoteSourceControl",
      "location" : "https://github.com/momolas/SwiftAA.git",
      "state" : {
        "branch" : "master",
        "revision" : "ecd18761d74e2f9f3dbeb6b97af5543659ce39cd"
      }
    }
  ],
  "version" : 3
}
